
Microsoft Visual Studio Solution File, Format Version 12.00
# Visual Studio Version 16
VisualStudioVersion = 16.0.31205.134
MinimumVisualStudioVersion = 10.0.40219.1
Project("{8BC9CEB8-8B4A-11D0-8D11-00A0C91BC942}") = "FakerInputDll", "FakerInputDll\FakerInputDll.vcxproj", "{52D0578A-8986-4FDE-A6C8-7BF053826C30}"
EndProject
Global
	GlobalSection(SolutionConfigurationPlatforms) = preSolution
		Debug|x64 = Debug|x64
		Debug|x86 = Debug|x86
		Release|x64 = Release|x64
		Release|x86 = Release|x86
	EndGlobalSection
	GlobalSection(ProjectConfigurationPlatforms) = postSolution
		{52D0578A-8986-4FDE-A6C8-7BF053826C30}.Debug|x64.ActiveCfg = Debug|x64
		{52D0578A-8986-4FDE-A6C8-7BF053826C30}.Debug|x64.Build.0 = Debug|x64
		{52D0578A-8986-4FDE-A6C8-7BF053826C30}.Debug|x86.ActiveCfg = Debug|Win32
		{52D0578A-8986-4FDE-A6C8-7BF053826C30}.Debug|x86.Build.0 = Debug|Win32
		{52D0578A-8986-4FDE-A6C8-7BF053826C30}.Release|x64.ActiveCfg = Release|x64
		{52D0578A-8986-4FDE-A6C8-7BF053826C30}.Release|x64.Build.0 = Release|x64
		{52D0578A-8986-4FDE-A6C8-7BF053826C30}.Release|x86.ActiveCfg = Release|Win32
		{52D0578A-8986-4FDE-A6C8-7BF053826C30}.Release|x86.Build.0 = Release|Win32
	EndGlobalSection
	GlobalSection(SolutionProperties) = preSolution
		HideSolutionNode = FALSE
	EndGlobalSection
	GlobalSection(ExtensibilityGlobals) = postSolution
		SolutionGuid = {BAAAA1A8-AC63-499F-AAAC-D2CD27E51E48}
	EndGlobalSection
EndGlobal
